
Microsoft Visual Studio Solution File, Format Version 12.00
# Visual Studio 15
VisualStudioVersion = 15.0.27703.2026
MinimumVisualStudioVersion = 10.0.40219.1
Project("{FAE04EC0-301F-11D3-BF4B-00C04F79EFBC}") = "FilterDesignatedHeader", "FilterDesignatedHeader\FilterDesignatedHeader.csproj", "{74DDA905-16F7-41A6-9735-5A4F22A3101C}"
EndProject
Global
	GlobalSection(SolutionConfigurationPlatforms) = preSolution
		Debug|Any CPU = Debug|Any CPU
		Release|Any CPU = Release|Any CPU
	EndGlobalSection
	GlobalSection(ProjectConfigurationPlatforms) = postSolution
		{74DDA905-16F7-41A6-9735-5A4F22A3101C}.Debug|Any CPU.ActiveCfg = Debug|Any CPU
		{74DDA905-16F7-41A6-9735-5A4F22A3101C}.Debug|Any CPU.Build.0 = Debug|Any CPU
		{74DDA905-16F7-41A6-9735-5A4F22A3101C}.Release|Any CPU.ActiveCfg = Release|Any CPU
		{74DDA905-16F7-41A6-9735-5A4F22A3101C}.Release|Any CPU.Build.0 = Release|Any CPU
	EndGlobalSection
	GlobalSection(SolutionProperties) = preSolution
		HideSolutionNode = FALSE
	EndGlobalSection
	GlobalSection(ExtensibilityGlobals) = postSolution
		SolutionGuid = {0DDB07AA-622C-4C76-8A4A-DB176C6DB043}
	EndGlobalSection
EndGlobal
